
Microsoft Visual Studio Solution File, Format Version 12.00
# Visual Studio 15
VisualStudioVersion = 15.0.27130.2027
MinimumVisualStudioVersion = 10.0.40219.1
Project("{FAE04EC0-301F-11D3-BF4B-00C04F79EFBC}") = "MigraineTracker", "MigraineTracker\MigraineTracker.csproj", "{435A8D99-37AD-4D38-BCD4-36EC3EF2271A}"
EndProject
Global
	GlobalSection(SolutionConfigurationPlatforms) = preSolution
		Debug|Any CPU = Debug|Any CPU
		Release|Any CPU = Release|Any CPU
	EndGlobalSection
	GlobalSection(ProjectConfigurationPlatforms) = postSolution
		{435A8D99-37AD-4D38-BCD4-36EC3EF2271A}.Debug|Any CPU.ActiveCfg = Debug|Any CPU
		{435A8D99-37AD-4D38-BCD4-36EC3EF2271A}.Debug|Any CPU.Build.0 = Debug|Any CPU
		{435A8D99-37AD-4D38-BCD4-36EC3EF2271A}.Release|Any CPU.ActiveCfg = Release|Any CPU
		{435A8D99-37AD-4D38-BCD4-36EC3EF2271A}.Release|Any CPU.Build.0 = Release|Any CPU
	EndGlobalSection
	GlobalSection(SolutionProperties) = preSolution
		HideSolutionNode = FALSE
	EndGlobalSection
	GlobalSection(ExtensibilityGlobals) = postSolution
		SolutionGuid = {DC793233-E233-4745-B7A5-6B2521F54A58}
	EndGlobalSection
EndGlobal
